{
    "_meta": {
        "hash": {
            "sha256": "06717f2f1ba13f203690f731a5a3bfb9aac6215dbc1958e52b9cc5daf39d67e2"
        },
        "pipfile-spec": 6,
        "requires": {
            "python_version": "3.9"
        },
        "sources": [
            {
                "name": "pypi",
                "url": "https://pypi.org/simple",
                "verify_ssl": true
            }
        ]
    },
    "default": {
        "asgiref": {
            "hashes": [
                "sha256:5ee950735509d04eb673bd7f7120f8fa1c9e2df495394992c73234d526907e17",
                "sha256:7162a3cb30ab0609f1a4c95938fd73e8604f63bdba516a7f7d64b83ff09478f0"
            ],
            "markers": "python_version >= '3.5'",
            "version": "==3.3.1"
        },
        "django": {
            "hashes": [
                "sha256:5c866205f15e7a7123f1eec6ab939d22d5bde1416635cab259684af66d8e48a2",
                "sha256:edb10b5c45e7e9c0fb1dc00b76ec7449aca258a39ffd613dbd078c51d19c9f03"
            ],
            "index": "pypi",
            "version": "==3.1.4"
        },
        "django-cors-headers": {
            "hashes": [
                "sha256:5665fc1b1aabf1b678885cf6f8f8bd7da36ef0a978375e767d491b48d3055d8f",
                "sha256:ba898dd478cd4be3a38ebc3d8729fa4d044679f8c91b2684edee41129d7e968a"
            ],
            "index": "pypi",
            "version": "==3.6.0"
        },
        "django-mysql": {
            "hashes": [
                "sha256:86fbe92623eb35fa6ece0574293db40b025e7df5bc58bd23b5a3c56bc9db51c7",
                "sha256:a0b53a2bbe7507508894251b6c5e9f2f8aa68c5ed9c2d0a91e8ed5908b740cc1"
            ],
            "index": "pypi",
            "version": "==3.10.0"
        },
        "djangorestframework": {
            "hashes": [
                "sha256:0209bafcb7b5010fdfec784034f059d512256424de2a0f084cb82b096d6dd6a7"
            ],
            "index": "pypi",
            "version": "==3.12.2"
        },
        "mysqlclient": {
            "hashes": [
                "sha256:3739824f4b8f29a6a4e5fc965f933fdce7c9edc2454990c3e5c6e038779e5580",
                "sha256:4861e33b9fad83dadf38feae77a14106365fc8c354ec4300fab5d8ccfbee4b4e",
                "sha256:4d91dde55230a512937aafc5981c6c11c0efad2c6b3d33e83287208c8bdab367",
                "sha256:8944d9008c29abfa43e3c97551416ea23b2ccb017af85682b79f34fc26dc43ae",
                "sha256:8df057b08fc27d8f7106bfa997d0a21e2acef017f905f06d6fb0aa6a20d4d2b2"
            ],
            "index": "pypi",
            "version": "==2.0.2"
        },
        "pika": {
            "hashes": [
                "sha256:4e1a1a6585a41b2341992ec32aadb7a919d649eb82904fd8e4a4e0871c8cf3af",
                "sha256:9fa76ba4b65034b878b2b8de90ff8660a59d925b087c5bb88f8fdbb4b64a1dbf"
            ],
            "index": "pypi",
            "version": "==1.1.0"
        },
        "pytz": {
            "hashes": [
                "sha256:3e6b7dd2d1e0a59084bcee14a17af60c5c562cdc16d828e8eba2e683d3a7e268",
                "sha256:5c55e189b682d420be27c6995ba6edce0c0a77dd67bfbe2ae6607134d5851ffd"
            ],
            "version": "==2020.4"
        },
        "sqlparse": {
            "hashes": [
                "sha256:017cde379adbd6a1f15a61873f43e8274179378e95ef3fede90b5aa64d304ed0",
                "sha256:0f91fd2e829c44362cbcfab3e9ae12e22badaa8a29ad5ff599f9ec109f0454e8"
            ],
            "markers": "python_version >= '3.5'",
            "version": "==0.4.1"
        }
    },
    "develop": {}
}
